hash: db431d842e9f7ef8d705f8e29fdb85d360aa12e8f5c1004e73c7da1b096ffb91
updated: 2016-09-27T01:47:55.033446276Z
imports:
- name: cloud.google.com/go
  version: a706b12721e2301f4f2f9045c116f61eb95669eb
  subpackages:
  - container
- name: github.com/arschles/assert
  version: fc2da9844984ce5093111298174706e14d4c0c47
- name: github.com/codegangsta/cli
  version: d53eb991652b1d438abdd34ce4bfa3ef1539108e
- name: github.com/golang/protobuf
  version: 87c000235d3d852c1628dc9490cd21ab36a7d69f
  subpackages:
  - proto
- name: github.com/kelseyhightower/envconfig
  version: 13674b2d056fb658a00ba3f36e78043ced07c924
- name: github.com/pborman/uuid
  version: b984ec7fa9ff9e428bd0cf0abf429384dfbe3e37
- name: golang.org/x/net
  version: f09c4662a0bd6bd8943ac7b4931e185df9471da4
  subpackages:
  - context
  - context/ctxhttp
- name: golang.org/x/oauth2
  version: 3c3a985cb79f52a3190fbc056984415ca6763d01
  subpackages:
  - internal
  - jws
  - jwt
- name: google.golang.org/api
  version: 61b3555d21f4bcfe09ddf8595c884424bc8a4ada
  subpackages:
  - container/v1
  - gensupport
  - googleapi
  - googleapi/internal/uritemplates
- name: google.golang.org/appengine
  version: 8d4efd07a9358ec8c7e75b29387c31a7692db8d2
  subpackages:
  - internal
  - internal/base
  - internal/datastore
  - internal/log
  - internal/remote_api
  - internal/urlfetch
  - urlfetch
- name: gopkg.in/yaml.v2
  version: 31c299268d302dd0aa9a0dcf765a3d58971ac83f
- name: k8s.io/client-go
  version: 0b62e254fe853d89b1d8d3445bbdab11bcc11bc3
  subpackages:
  - "1.4"
testImports: []
